
Microsoft Visual Studio Solution File, Format Version 12.00
# Visual Studio Version 17
VisualStudioVersion = 17.0.31903.59
MinimumVisualStudioVersion = 10.0.40219.1
Project("{FAE04EC0-301F-11D3-BF4B-00C04F79EFBC}") = "LNLib", "LNLib.csproj", "{A485E77F-E773-4BFA-88BA-A18D5A278033}"
EndProject
Project("{FAE04EC0-301F-11D3-BF4B-00C04F79EFBC}") = "LNLibViewer", "LNLibViewer\LNLibViewer.csproj", "{1F5A4805-420F-4CDA-BB2A-2F407E79ED0D}"
EndProject
Global
	GlobalSection(SolutionConfigurationPlatforms) = preSolution
		Debug|Any CPU = Debug|Any CPU
		Release|Any CPU = Release|Any CPU
	EndGlobalSection
	GlobalSection(SolutionProperties) = preSolution
		HideSolutionNode = FALSE
	EndGlobalSection
	GlobalSection(ProjectConfigurationPlatforms) = postSolution
		{A485E77F-E773-4BFA-88BA-A18D5A278033}.Debug|Any CPU.ActiveCfg = Debug|Any CPU
		{A485E77F-E773-4BFA-88BA-A18D5A278033}.Debug|Any CPU.Build.0 = Debug|Any CPU
		{A485E77F-E773-4BFA-88BA-A18D5A278033}.Release|Any CPU.ActiveCfg = Release|Any CPU
		{A485E77F-E773-4BFA-88BA-A18D5A278033}.Release|Any CPU.Build.0 = Release|Any CPU
		{1F5A4805-420F-4CDA-BB2A-2F407E79ED0D}.Debug|Any CPU.ActiveCfg = Debug|Any CPU
		{1F5A4805-420F-4CDA-BB2A-2F407E79ED0D}.Debug|Any CPU.Build.0 = Debug|Any CPU
		{1F5A4805-420F-4CDA-BB2A-2F407E79ED0D}.Release|Any CPU.ActiveCfg = Release|Any CPU
		{1F5A4805-420F-4CDA-BB2A-2F407E79ED0D}.Release|Any CPU.Build.0 = Release|Any CPU
	EndGlobalSection
EndGlobal
